
Microsoft Visual Studio Solution File, Format Version 11.00
# Visual Studio 2010
Project("{FAE04EC0-301F-11D3-BF4B-00C04F79EFBC}") = "UnityEngine.UI", "UnityEngine.UI.csproj", "{C021C873-D49F-C8C3-3170-CBE26E93FC25}"
EndProject
Project("{FAE04EC0-301F-11D3-BF4B-00C04F79EFBC}") = "Assembly-CSharp", "Assembly-CSharp.csproj", "{58113305-0BB9-5763-E4BF-8CDA68CBBC1D}"
EndProject
Project("{FAE04EC0-301F-11D3-BF4B-00C04F79EFBC}") = "UnityEditor.UI", "UnityEditor.UI.csproj", "{2AAF2246-99BE-8BDF-BF74-49612CB48F35}"
EndProject
Project("{FAE04EC0-301F-11D3-BF4B-00C04F79EFBC}") = "Unity.2D.Sprite.Editor", "Unity.2D.Sprite.Editor.csproj", "{4A1BE654-0423-9000-35FC-1E0942DA0E70}"
EndProject
Project("{FAE04EC0-301F-11D3-BF4B-00C04F79EFBC}") = "Unity.2D.Tilemap.Editor", "Unity.2D.Tilemap.Editor.csproj", "{11E1CAC8-B51D-CBC7-5CA5-73E20FE69F34}"
EndProject
Project("{FAE04EC0-301F-11D3-BF4B-00C04F79EFBC}") = "Assembly-CSharp-Editor", "Assembly-CSharp-Editor.csproj", "{65A716CE-5700-F094-EC05-EF1ACF5BC350}"
EndProject
Project("{FAE04EC0-301F-11D3-BF4B-00C04F79EFBC}") = "UnityEngine.UI.Player", "UnityEngine.UI.Player.csproj", "{D4899D8B-1E8F-A74F-2F00-22DB6A875CFC}"
EndProject
Project("{FAE04EC0-301F-11D3-BF4B-00C04F79EFBC}") = "Assembly-CSharp.Player", "Assembly-CSharp.Player.csproj", "{F97C2CEF-1E8A-46C4-6255-A44E0428EAA0}"
EndProject
Global
	GlobalSection(SolutionConfigurationPlatforms) = preSolution
		Debug|Any CPU = Debug|Any CPU
		Release|Any CPU = Release|Any CPU
	EndGlobalSection
	GlobalSection(ProjectConfigurationPlatforms) = postSolution
		{C021C873-D49F-C8C3-3170-CBE26E93FC25}.Debug|Any CPU.ActiveCfg = Debug|Any CPU
		{C021C873-D49F-C8C3-3170-CBE26E93FC25}.Debug|Any CPU.Build.0 = Debug|Any CPU
		{C021C873-D49F-C8C3-3170-CBE26E93FC25}.Release|Any CPU.ActiveCfg = Release|Any CPU
		{C021C873-D49F-C8C3-3170-CBE26E93FC25}.Release|Any CPU.Build.0 = Release|Any CPU
		{58113305-0BB9-5763-E4BF-8CDA68CBBC1D}.Debug|Any CPU.ActiveCfg = Debug|Any CPU
		{58113305-0BB9-5763-E4BF-8CDA68CBBC1D}.Debug|Any CPU.Build.0 = Debug|Any CPU
		{58113305-0BB9-5763-E4BF-8CDA68CBBC1D}.Release|Any CPU.ActiveCfg = Release|Any CPU
		{58113305-0BB9-5763-E4BF-8CDA68CBBC1D}.Release|Any CPU.Build.0 = Release|Any CPU
		{2AAF2246-99BE-8BDF-BF74-49612CB48F35}.Debug|Any CPU.ActiveCfg = Debug|Any CPU
		{2AAF2246-99BE-8BDF-BF74-49612CB48F35}.Debug|Any CPU.Build.0 = Debug|Any CPU
		{2AAF2246-99BE-8BDF-BF74-49612CB48F35}.Release|Any CPU.ActiveCfg = Release|Any CPU
		{2AAF2246-99BE-8BDF-BF74-49612CB48F35}.Release|Any CPU.Build.0 = Release|Any CPU
		{4A1BE654-0423-9000-35FC-1E0942DA0E70}.Debug|Any CPU.ActiveCfg = Debug|Any CPU
		{4A1BE654-0423-9000-35FC-1E0942DA0E70}.Debug|Any CPU.Build.0 = Debug|Any CPU
		{4A1BE654-0423-9000-35FC-1E0942DA0E70}.Release|Any CPU.ActiveCfg = Release|Any CPU
		{4A1BE654-0423-9000-35FC-1E0942DA0E70}.Release|Any CPU.Build.0 = Release|Any CPU
		{11E1CAC8-B51D-CBC7-5CA5-73E20FE69F34}.Debug|Any CPU.ActiveCfg = Debug|Any CPU
		{11E1CAC8-B51D-CBC7-5CA5-73E20FE69F34}.Debug|Any CPU.Build.0 = Debug|Any CPU
		{11E1CAC8-B51D-CBC7-5CA5-73E20FE69F34}.Release|Any CPU.ActiveCfg = Release|Any CPU
		{11E1CAC8-B51D-CBC7-5CA5-73E20FE69F34}.Release|Any CPU.Build.0 = Release|Any CPU
		{65A716CE-5700-F094-EC05-EF1ACF5BC350}.Debug|Any CPU.ActiveCfg = Debug|Any CPU
		{65A716CE-5700-F094-EC05-EF1ACF5BC350}.Debug|Any CPU.Build.0 = Debug|Any CPU
		{65A716CE-5700-F094-EC05-EF1ACF5BC350}.Release|Any CPU.ActiveCfg = Release|Any CPU
		{65A716CE-5700-F094-EC05-EF1ACF5BC350}.Release|Any CPU.Build.0 = Release|Any CPU
		{D4899D8B-1E8F-A74F-2F00-22DB6A875CFC}.Debug|Any CPU.ActiveCfg = Debug|Any CPU
		{D4899D8B-1E8F-A74F-2F00-22DB6A875CFC}.Debug|Any CPU.Build.0 = Debug|Any CPU
		{D4899D8B-1E8F-A74F-2F00-22DB6A875CFC}.Release|Any CPU.ActiveCfg = Release|Any CPU
		{D4899D8B-1E8F-A74F-2F00-22DB6A875CFC}.Release|Any CPU.Build.0 = Release|Any CPU
		{F97C2CEF-1E8A-46C4-6255-A44E0428EAA0}.Debug|Any CPU.ActiveCfg = Debug|Any CPU
		{F97C2CEF-1E8A-46C4-6255-A44E0428EAA0}.Debug|Any CPU.Build.0 = Debug|Any CPU
		{F97C2CEF-1E8A-46C4-6255-A44E0428EAA0}.Release|Any CPU.ActiveCfg = Release|Any CPU
		{F97C2CEF-1E8A-46C4-6255-A44E0428EAA0}.Release|Any CPU.Build.0 = Release|Any CPU
	EndGlobalSection
	GlobalSection(SolutionProperties) = preSolution
		HideSolutionNode = FALSE
	EndGlobalSection
EndGlobal
